
Microsoft Visual Studio Solution File, Format Version 12.00
# Visual Studio Version 17
VisualStudioVersion = 17.0.31903.59
MinimumVisualStudioVersion = 10.0.40219.1
Project("{2150E333-8FDC-42A3-9474-1A3956D46DE8}") = "src", "src", "{827E0CD3-B72D-47B6-A68D-7590B98EB39B}"
EndProject
Project("{2150E333-8FDC-42A3-9474-1A3956D46DE8}") = "be", "be", "{08F7B725-DE5F-4032-D172-198971FA7A47}"
EndProject
Project("{FAE04EC0-301F-11D3-BF4B-00C04F79EFBC}") = "TaskTracker.Api", "src\be\TaskTracker.Api\TaskTracker.Api.csproj", "{56161045-A26E-4FC1-B05D-DA331009AB81}"
EndProject
Project("{FAE04EC0-301F-11D3-BF4B-00C04F79EFBC}") = "TaskTracker.Application", "src\be\TaskTracker.Application\TaskTracker.Application.csproj", "{ABC3AB4A-CEE2-42A9-975D-347B3251DCE1}"
EndProject
Project("{FAE04EC0-301F-11D3-BF4B-00C04F79EFBC}") = "TaskTracker.Domain", "src\be\TaskTracker.Domain\TaskTracker.Domain.csproj", "{54D52E21-5CFF-43FF-B705-AD801C414A61}"
EndProject
Project("{FAE04EC0-301F-11D3-BF4B-00C04F79EFBC}") = "TaskTracker.Infrastructure", "src\be\TaskTracker.Infrastructure\TaskTracker.Infrastructure.csproj", "{464359E4-8C34-42B4-9B16-1025950C9E0B}"
EndProject
Project("{2150E333-8FDC-42A3-9474-1A3956D46DE8}") = "tests", "tests", "{0AB3BF05-4346-4AA6-1389-037BE0695223}"
EndProject
Project("{2150E333-8FDC-42A3-9474-1A3956D46DE8}") = "be", "be", "{BE89B09C-DB3E-8391-9C5D-E0E44A368C7E}"
EndProject
Project("{FAE04EC0-301F-11D3-BF4B-00C04F79EFBC}") = "TaskTracker.Tests", "tests\be\TaskTracker.Tests\TaskTracker.Tests.csproj", "{37C1D6CA-2FDA-4DA7-A0CD-D46070ABFE9F}"
EndProject
Global
	GlobalSection(SolutionConfigurationPlatforms) = preSolution
		Debug|Any CPU = Debug|Any CPU
		Debug|x64 = Debug|x64
		Debug|x86 = Debug|x86
		Release|Any CPU = Release|Any CPU
		Release|x64 = Release|x64
		Release|x86 = Release|x86
	EndGlobalSection
	GlobalSection(ProjectConfigurationPlatforms) = postSolution
		{56161045-A26E-4FC1-B05D-DA331009AB81}.Debug|Any CPU.ActiveCfg = Debug|Any CPU
		{56161045-A26E-4FC1-B05D-DA331009AB81}.Debug|Any CPU.Build.0 = Debug|Any CPU
		{56161045-A26E-4FC1-B05D-DA331009AB81}.Debug|x64.ActiveCfg = Debug|Any CPU
		{56161045-A26E-4FC1-B05D-DA331009AB81}.Debug|x64.Build.0 = Debug|Any CPU
		{56161045-A26E-4FC1-B05D-DA331009AB81}.Debug|x86.ActiveCfg = Debug|Any CPU
		{56161045-A26E-4FC1-B05D-DA331009AB81}.Debug|x86.Build.0 = Debug|Any CPU
		{56161045-A26E-4FC1-B05D-DA331009AB81}.Release|Any CPU.ActiveCfg = Release|Any CPU
		{56161045-A26E-4FC1-B05D-DA331009AB81}.Release|Any CPU.Build.0 = Release|Any CPU
		{56161045-A26E-4FC1-B05D-DA331009AB81}.Release|x64.ActiveCfg = Release|Any CPU
		{56161045-A26E-4FC1-B05D-DA331009AB81}.Release|x64.Build.0 = Release|Any CPU
		{56161045-A26E-4FC1-B05D-DA331009AB81}.Release|x86.ActiveCfg = Release|Any CPU
		{56161045-A26E-4FC1-B05D-DA331009AB81}.Release|x86.Build.0 = Release|Any CPU
		{ABC3AB4A-CEE2-42A9-975D-347B3251DCE1}.Debug|Any CPU.ActiveCfg = Debug|Any CPU
		{ABC3AB4A-CEE2-42A9-975D-347B3251DCE1}.Debug|Any CPU.Build.0 = Debug|Any CPU
		{ABC3AB4A-CEE2-42A9-975D-347B3251DCE1}.Debug|x64.ActiveCfg = Debug|Any CPU
		{ABC3AB4A-CEE2-42A9-975D-347B3251DCE1}.Debug|x64.Build.0 = Debug|Any CPU
		{ABC3AB4A-CEE2-42A9-975D-347B3251DCE1}.Debug|x86.ActiveCfg = Debug|Any CPU
		{ABC3AB4A-CEE2-42A9-975D-347B3251DCE1}.Debug|x86.Build.0 = Debug|Any CPU
		{ABC3AB4A-CEE2-42A9-975D-347B3251DCE1}.Release|Any CPU.ActiveCfg = Release|Any CPU
		{ABC3AB4A-CEE2-42A9-975D-347B3251DCE1}.Release|Any CPU.Build.0 = Release|Any CPU
		{ABC3AB4A-CEE2-42A9-975D-347B3251DCE1}.Release|x64.ActiveCfg = Release|Any CPU
		{ABC3AB4A-CEE2-42A9-975D-347B3251DCE1}.Release|x64.Build.0 = Release|Any CPU
		{ABC3AB4A-CEE2-42A9-975D-347B3251DCE1}.Release|x86.ActiveCfg = Release|Any CPU
		{ABC3AB4A-CEE2-42A9-975D-347B3251DCE1}.Release|x86.Build.0 = Release|Any CPU
		{54D52E21-5CFF-43FF-B705-AD801C414A61}.Debug|Any CPU.ActiveCfg = Debug|Any CPU
		{54D52E21-5CFF-43FF-B705-AD801C414A61}.Debug|Any CPU.Build.0 = Debug|Any CPU
		{54D52E21-5CFF-43FF-B705-AD801C414A61}.Debug|x64.ActiveCfg = Debug|Any CPU
		{54D52E21-5CFF-43FF-B705-AD801C414A61}.Debug|x64.Build.0 = Debug|Any CPU
		{54D52E21-5CFF-43FF-B705-AD801C414A61}.Debug|x86.ActiveCfg = Debug|Any CPU
		{54D52E21-5CFF-43FF-B705-AD801C414A61}.Debug|x86.Build.0 = Debug|Any CPU
		{54D52E21-5CFF-43FF-B705-AD801C414A61}.Release|Any CPU.ActiveCfg = Release|Any CPU
		{54D52E21-5CFF-43FF-B705-AD801C414A61}.Release|Any CPU.Build.0 = Release|Any CPU
		{54D52E21-5CFF-43FF-B705-AD801C414A61}.Release|x64.ActiveCfg = Release|Any CPU
		{54D52E21-5CFF-43FF-B705-AD801C414A61}.Release|x64.Build.0 = Release|Any CPU
		{54D52E21-5CFF-43FF-B705-AD801C414A61}.Release|x86.ActiveCfg = Release|Any CPU
		{54D52E21-5CFF-43FF-B705-AD801C414A61}.Release|x86.Build.0 = Release|Any CPU
		{464359E4-8C34-42B4-9B16-1025950C9E0B}.Debug|Any CPU.ActiveCfg = Debug|Any CPU
		{464359E4-8C34-42B4-9B16-1025950C9E0B}.Debug|Any CPU.Build.0 = Debug|Any CPU
		{464359E4-8C34-42B4-9B16-1025950C9E0B}.Debug|x64.ActiveCfg = Debug|Any CPU
		{464359E4-8C34-42B4-9B16-1025950C9E0B}.Debug|x64.Build.0 = Debug|Any CPU
		{464359E4-8C34-42B4-9B16-1025950C9E0B}.Debug|x86.ActiveCfg = Debug|Any CPU
		{464359E4-8C34-42B4-9B16-1025950C9E0B}.Debug|x86.Build.0 = Debug|Any CPU
		{464359E4-8C34-42B4-9B16-1025950C9E0B}.Release|Any CPU.ActiveCfg = Release|Any CPU
		{464359E4-8C34-42B4-9B16-1025950C9E0B}.Release|Any CPU.Build.0 = Release|Any CPU
		{464359E4-8C34-42B4-9B16-1025950C9E0B}.Release|x64.ActiveCfg = Release|Any CPU
		{464359E4-8C34-42B4-9B16-1025950C9E0B}.Release|x64.Build.0 = Release|Any CPU
		{464359E4-8C34-42B4-9B16-1025950C9E0B}.Release|x86.ActiveCfg = Release|Any CPU
		{464359E4-8C34-42B4-9B16-1025950C9E0B}.Release|x86.Build.0 = Release|Any CPU
		{37C1D6CA-2FDA-4DA7-A0CD-D46070ABFE9F}.Debug|Any CPU.ActiveCfg = Debug|Any CPU
		{37C1D6CA-2FDA-4DA7-A0CD-D46070ABFE9F}.Debug|Any CPU.Build.0 = Debug|Any CPU
		{37C1D6CA-2FDA-4DA7-A0CD-D46070ABFE9F}.Debug|x64.ActiveCfg = Debug|Any CPU
		{37C1D6CA-2FDA-4DA7-A0CD-D46070ABFE9F}.Debug|x64.Build.0 = Debug|Any CPU
		{37C1D6CA-2FDA-4DA7-A0CD-D46070ABFE9F}.Debug|x86.ActiveCfg = Debug|Any CPU
		{37C1D6CA-2FDA-4DA7-A0CD-D46070ABFE9F}.Debug|x86.Build.0 = Debug|Any CPU
		{37C1D6CA-2FDA-4DA7-A0CD-D46070ABFE9F}.Release|Any CPU.ActiveCfg = Release|Any CPU
		{37C1D6CA-2FDA-4DA7-A0CD-D46070ABFE9F}.Release|Any CPU.Build.0 = Release|Any CPU
		{37C1D6CA-2FDA-4DA7-A0CD-D46070ABFE9F}.Release|x64.ActiveCfg = Release|Any CPU
		{37C1D6CA-2FDA-4DA7-A0CD-D46070ABFE9F}.Release|x64.Build.0 = Release|Any CPU
		{37C1D6CA-2FDA-4DA7-A0CD-D46070ABFE9F}.Release|x86.ActiveCfg = Release|Any CPU
		{37C1D6CA-2FDA-4DA7-A0CD-D46070ABFE9F}.Release|x86.Build.0 = Release|Any CPU
	EndGlobalSection
	GlobalSection(SolutionProperties) = preSolution
		HideSolutionNode = FALSE
	EndGlobalSection
	GlobalSection(NestedProjects) = preSolution
		{08F7B725-DE5F-4032-D172-198971FA7A47} = {827E0CD3-B72D-47B6-A68D-7590B98EB39B}
		{56161045-A26E-4FC1-B05D-DA331009AB81} = {08F7B725-DE5F-4032-D172-198971FA7A47}
		{ABC3AB4A-CEE2-42A9-975D-347B3251DCE1} = {08F7B725-DE5F-4032-D172-198971FA7A47}
		{54D52E21-5CFF-43FF-B705-AD801C414A61} = {08F7B725-DE5F-4032-D172-198971FA7A47}
		{464359E4-8C34-42B4-9B16-1025950C9E0B} = {08F7B725-DE5F-4032-D172-198971FA7A47}
		{BE89B09C-DB3E-8391-9C5D-E0E44A368C7E} = {0AB3BF05-4346-4AA6-1389-037BE0695223}
		{37C1D6CA-2FDA-4DA7-A0CD-D46070ABFE9F} = {BE89B09C-DB3E-8391-9C5D-E0E44A368C7E}
	EndGlobalSection
EndGlobal
